
Microsoft Visual Studio Solution File, Format Version 12.00
# Visual Studio Version 17
VisualStudioVersion = 17.14.36623.8 d17.14
MinimumVisualStudioVersion = 10.0.40219.1
Project("{FAE04EC0-301F-11D3-BF4B-00C04F79EFBC}") = "product management system", "product management system.csproj", "{D665E2C5-8806-43ED-995C-54CFB59F0069}"
EndProject
Global
	GlobalSection(SolutionConfigurationPlatforms) = preSolution
		Debug|Any CPU = Debug|Any CPU
		Release|Any CPU = Release|Any CPU
	EndGlobalSection
	GlobalSection(ProjectConfigurationPlatforms) = postSolution
		{D665E2C5-8806-43ED-995C-54CFB59F0069}.Debug|Any CPU.ActiveCfg = Debug|Any CPU
		{D665E2C5-8806-43ED-995C-54CFB59F0069}.Debug|Any CPU.Build.0 = Debug|Any CPU
		{D665E2C5-8806-43ED-995C-54CFB59F0069}.Release|Any CPU.ActiveCfg = Release|Any CPU
		{D665E2C5-8806-43ED-995C-54CFB59F0069}.Release|Any CPU.Build.0 = Release|Any CPU
	EndGlobalSection
	GlobalSection(SolutionProperties) = preSolution
		HideSolutionNode = FALSE
	EndGlobalSection
	GlobalSection(ExtensibilityGlobals) = postSolution
		SolutionGuid = {91A366B9-F8BE-4E4B-ACB9-27389EFA4655}
	EndGlobalSection
EndGlobal
